
Microsoft Visual Studio Solution File, Format Version 12.00
# Visual Studio Version 17
VisualStudioVersion = 17.8.34525.116
MinimumVisualStudioVersion = 10.0.40219.1
Project("{FAE04EC0-301F-11D3-BF4B-00C04F79EFBC}") = "MP.ApiDotNet6.Domain", "MP.ApiDotNet6.Domain\MP.ApiDotNet6.Domain.csproj", "{F462FD62-56DA-4A8D-B9A4-10540D6D115A}"
EndProject
Project("{FAE04EC0-301F-11D3-BF4B-00C04F79EFBC}") = "MP.ApiDotNet6.Infra.Data", "MP.ApiDotNet6.Infra.Data\MP.ApiDotNet6.Infra.Data.csproj", "{47199D1A-27C6-4DD1-A1F8-65303B654D8D}"
EndProject
Project("{FAE04EC0-301F-11D3-BF4B-00C04F79EFBC}") = "MP.ApiDotNet6.Application", "MP.ApiDotNet6.Application\MP.ApiDotNet6.Application.csproj", "{6A7CE228-96DD-433A-9611-B202A02FA4EB}"
EndProject
Project("{FAE04EC0-301F-11D3-BF4B-00C04F79EFBC}") = "MP.ApiDotNet6.Infra.IoC", "MP.ApiDotNet6.Infra.IoC\MP.ApiDotNet6.Infra.IoC.csproj", "{D35797EF-CB79-402A-BE64-70D81FE4FF8B}"
EndProject
Project("{FAE04EC0-301F-11D3-BF4B-00C04F79EFBC}") = "MP.ApiDotNet6.Api", "MP.ApiDotNet6.Api\MP.ApiDotNet6.Api.csproj", "{7E005B52-1B6A-4AB2-A3FE-3C476BE21C9F}"
EndProject
Global
	GlobalSection(SolutionConfigurationPlatforms) = preSolution
		Debug|Any CPU = Debug|Any CPU
		Release|Any CPU = Release|Any CPU
	EndGlobalSection
	GlobalSection(ProjectConfigurationPlatforms) = postSolution
		{F462FD62-56DA-4A8D-B9A4-10540D6D115A}.Debug|Any CPU.ActiveCfg = Debug|Any CPU
		{F462FD62-56DA-4A8D-B9A4-10540D6D115A}.Debug|Any CPU.Build.0 = Debug|Any CPU
		{F462FD62-56DA-4A8D-B9A4-10540D6D115A}.Release|Any CPU.ActiveCfg = Release|Any CPU
		{F462FD62-56DA-4A8D-B9A4-10540D6D115A}.Release|Any CPU.Build.0 = Release|Any CPU
		{47199D1A-27C6-4DD1-A1F8-65303B654D8D}.Debug|Any CPU.ActiveCfg = Debug|Any CPU
		{47199D1A-27C6-4DD1-A1F8-65303B654D8D}.Debug|Any CPU.Build.0 = Debug|Any CPU
		{47199D1A-27C6-4DD1-A1F8-65303B654D8D}.Release|Any CPU.ActiveCfg = Release|Any CPU
		{47199D1A-27C6-4DD1-A1F8-65303B654D8D}.Release|Any CPU.Build.0 = Release|Any CPU
		{6A7CE228-96DD-433A-9611-B202A02FA4EB}.Debug|Any CPU.ActiveCfg = Debug|Any CPU
		{6A7CE228-96DD-433A-9611-B202A02FA4EB}.Debug|Any CPU.Build.0 = Debug|Any CPU
		{6A7CE228-96DD-433A-9611-B202A02FA4EB}.Release|Any CPU.ActiveCfg = Release|Any CPU
		{6A7CE228-96DD-433A-9611-B202A02FA4EB}.Release|Any CPU.Build.0 = Release|Any CPU
		{D35797EF-CB79-402A-BE64-70D81FE4FF8B}.Debug|Any CPU.ActiveCfg = Debug|Any CPU
		{D35797EF-CB79-402A-BE64-70D81FE4FF8B}.Debug|Any CPU.Build.0 = Debug|Any CPU
		{D35797EF-CB79-402A-BE64-70D81FE4FF8B}.Release|Any CPU.ActiveCfg = Release|Any CPU
		{D35797EF-CB79-402A-BE64-70D81FE4FF8B}.Release|Any CPU.Build.0 = Release|Any CPU
		{7E005B52-1B6A-4AB2-A3FE-3C476BE21C9F}.Debug|Any CPU.ActiveCfg = Debug|Any CPU
		{7E005B52-1B6A-4AB2-A3FE-3C476BE21C9F}.Debug|Any CPU.Build.0 = Debug|Any CPU
		{7E005B52-1B6A-4AB2-A3FE-3C476BE21C9F}.Release|Any CPU.ActiveCfg = Release|Any CPU
		{7E005B52-1B6A-4AB2-A3FE-3C476BE21C9F}.Release|Any CPU.Build.0 = Release|Any CPU
	EndGlobalSection
	GlobalSection(SolutionProperties) = preSolution
		HideSolutionNode = FALSE
	EndGlobalSection
	GlobalSection(ExtensibilityGlobals) = postSolution
		SolutionGuid = {C8AB4EA9-49AC-4161-9FAB-0418D2441E86}
	EndGlobalSection
EndGlobal
